// !$*UTF8*$!
{
	archiveVersion = 1;
	classes = {
	};
	objectVersion = 63;
	objects = {

/* Begin PBXBuildFile section */
		8101D52C2C8489D90013CE5A /* Localizable.xcstrings in Resources */ = {isa = PBXBuildFile; fileRef = 8101D52B2C8489D90013CE5A /* Localizable.xcstrings */; };
		8107D6E42C8AD16300F0094D /* UserChoice+make.swift in Sources */ = {isa = PBXBuildFile; fileRef = 8107D6E32C8AD16300F0094D /* UserChoice+make.swift */; };
		81097A582C6C7B2200554C1E /* RandomCountryCodeProvider.swift in Sources */ = {isa = PBXBuildFile; fileRef = 81097A572C6C7B2200554C1E /* RandomCountryCodeProvider.swift */; };
		81097A5E2C6CAF0A00554C1E /* ChoiceButtonViewData.swift in Sources */ = {isa = PBXBuildFile; fileRef = 81097A5D2C6CAF0A00554C1E /* ChoiceButtonViewData.swift */; };
		81097A602C6CAFDE00554C1E /* CountryCode.swift in Sources */ = {isa = PBXBuildFile; fileRef = 81097A5F2C6CAFDE00554C1E /* CountryCode.swift */; };
		810F903B2CA1BE7D0016A04F /* Prefetchimage.swift in Sources */ = {isa = PBXBuildFile; fileRef = 810F903A2CA1BE750016A04F /* Prefetchimage.swift */; };
		810F903F2CA1C8570016A04F /* QuestionRepositoryProtocolMock.swift in Sources */ = {isa = PBXBuildFile; fileRef = 810F903E2CA1C8560016A04F /* QuestionRepositoryProtocolMock.swift */; };
		81135F0E2C86312600889507 /* GameView.swift in Sources */ = {isa = PBXBuildFile; fileRef = 81135F0D2C86312600889507 /* GameView.swift */; };
		81135F162C86D7EF00889507 /* RootView.swift in Sources */ = {isa = PBXBuildFile; fileRef = 81135F152C86D7EF00889507 /* RootView.swift */; };
		81135F182C86DBF700889507 /* QuestionViewModelFactory.swift in Sources */ = {isa = PBXBuildFile; fileRef = 81135F172C86DBF700889507 /* QuestionViewModelFactory.swift */; };
		81135F1C2C86E29E00889507 /* RemainingLivesViewModelFactory.swift in Sources */ = {isa = PBXBuildFile; fileRef = 81135F1B2C86E29E00889507 /* RemainingLivesViewModelFactory.swift */; };
		81135F1E2C86E37900889507 /* GameViewModelFactory.swift in Sources */ = {isa = PBXBuildFile; fileRef = 81135F1D2C86E37900889507 /* GameViewModelFactory.swift */; };
		81135F202C86F58C00889507 /* RootViewModel.swift in Sources */ = {isa = PBXBuildFile; fileRef = 81135F1F2C86F58C00889507 /* RootViewModel.swift */; };
		81184FE22C75CF02005B49E3 /* DynamicStack.swift in Sources */ = {isa = PBXBuildFile; fileRef = 81184FE12C75CF02005B49E3 /* DynamicStack.swift */; };
		81184FE72C7639E4005B49E3 /* QuestionViewStyle+default.swift in Sources */ = {isa = PBXBuildFile; fileRef = 81184FE62C7639E4005B49E3 /* QuestionViewStyle+default.swift */; };
		811B38512C70786D003856C3 /* GameSettings.swift in Sources */ = {isa = PBXBuildFile; fileRef = 811B38502C70786D003856C3 /* GameSettings.swift */; };
		811B38532C70EE6D003856C3 /* UserChoice.swift in Sources */ = {isa = PBXBuildFile; fileRef = 811B38522C70EE6D003856C3 /* UserChoice.swift */; };
		811D3A632C82E1210057FE8E /* LoadingState.swift in Sources */ = {isa = PBXBuildFile; fileRef = 811D3A622C82E1210057FE8E /* LoadingState.swift */; };
		811D3A652C82E1BB0057FE8E /* Publisher+imagePrefech.swift in Sources */ = {isa = PBXBuildFile; fileRef = 811D3A642C82E1BB0057FE8E /* Publisher+imagePrefech.swift */; };
		811D3A682C833D000057FE8E /* GameOverView.swift in Sources */ = {isa = PBXBuildFile; fileRef = 811D3A672C833D000057FE8E /* GameOverView.swift */; };
		813247E02C9EE905000D1C57 /* GetCountryName.swift in Sources */ = {isa = PBXBuildFile; fileRef = 813247DF2C9EE8FA000D1C57 /* GetCountryName.swift */; };
		813247E22C9EEE36000D1C57 /* ChoiceButton.swift in Sources */ = {isa = PBXBuildFile; fileRef = 813247E12C9EEE23000D1C57 /* ChoiceButton.swift */; };
		813247E42C9EF1EA000D1C57 /* ChoiceButtonViewModelFactory.swift in Sources */ = {isa = PBXBuildFile; fileRef = 813247E32C9EF1DC000D1C57 /* ChoiceButtonViewModelFactory.swift */; };
		8134F90E2C68CB600052D0DF /* CoatOfArmsApp.swift in Sources */ = {isa = PBXBuildFile; fileRef = 8134F90D2C68CB600052D0DF /* CoatOfArmsApp.swift */; };
		8134F9122C68CB610052D0DF /* Assets.xcassets in Resources */ = {isa = PBXBuildFile; fileRef = 8134F9112C68CB610052D0DF /* Assets.xcassets */; };
		8134F9152C68CB610052D0DF /* Preview Assets.xcassets in Resources */ = {isa = PBXBuildFile; fileRef = 8134F9142C68CB610052D0DF /* Preview Assets.xcassets */; };
		8134F9392C68CD4D0052D0DF /* Network in Frameworks */ = {isa = PBXBuildFile; productRef = 8134F9382C68CD4D0052D0DF /* Network */; };
		8134F93F2C68CDF60052D0DF /* Kingfisher in Frameworks */ = {isa = PBXBuildFile; productRef = 8134F93E2C68CDF60052D0DF /* Kingfisher */; };
		8134F9432C68CEDE0052D0DF /* QuestionRepository.swift in Sources */ = {isa = PBXBuildFile; fileRef = 8134F9422C68CEDE0052D0DF /* QuestionRepository.swift */; };
		8134F9452C68CFED0052D0DF /* ServerCountry.swift in Sources */ = {isa = PBXBuildFile; fileRef = 8134F9442C68CFED0052D0DF /* ServerCountry.swift */; };
		8134F9492C68D3900052D0DF /* ServerCountry+Decoder.swift in Sources */ = {isa = PBXBuildFile; fileRef = 8134F9482C68D3900052D0DF /* ServerCountry+Decoder.swift */; };
		816E7DF42CA141D700374239 /* Tags.swift in Sources */ = {isa = PBXBuildFile; fileRef = 816E7DF32CA141D400374239 /* Tags.swift */; };
		816E7DF72CA1423900374239 /* ChoiceButtonViewModelTests.swift in Sources */ = {isa = PBXBuildFile; fileRef = 816E7DF62CA1423200374239 /* ChoiceButtonViewModelTests.swift */; };
		816E7DFD2CA146BC00374239 /* GameRouterProtocolMock.swift in Sources */ = {isa = PBXBuildFile; fileRef = 816E7DFC2CA146BB00374239 /* GameRouterProtocolMock.swift */; };
		816E7DFF2CA1472C00374239 /* ChoiceButtonRepositoryProtocolMock.swift in Sources */ = {isa = PBXBuildFile; fileRef = 816E7DFE2CA1472B00374239 /* ChoiceButtonRepositoryProtocolMock.swift */; };
		816E7E012CA1721F00374239 /* ChoiceButtonViewModelProtocolMock.swift in Sources */ = {isa = PBXBuildFile; fileRef = 816E7E002CA1721D00374239 /* ChoiceButtonViewModelProtocolMock.swift */; };
		816E7E032CA1729600374239 /* QuestionViewModelProtocolMock.swift in Sources */ = {isa = PBXBuildFile; fileRef = 816E7E022CA1728E00374239 /* QuestionViewModelProtocolMock.swift */; };
		816E7E052CA1738D00374239 /* RemainingLivesViewModelProtocolMock.swift in Sources */ = {isa = PBXBuildFile; fileRef = 816E7E042CA1738A00374239 /* RemainingLivesViewModelProtocolMock.swift */; };
		816E7E072CA1AC5400374239 /* GameViewModelTests.swift in Sources */ = {isa = PBXBuildFile; fileRef = 816E7E062CA1AC4800374239 /* GameViewModelTests.swift */; };
		816E7E092CA1B35500374239 /* QuesionViewModelTests.swift in Sources */ = {isa = PBXBuildFile; fileRef = 816E7E082CA1B34B00374239 /* QuesionViewModelTests.swift */; };
		817A66182C8D6E3600B21E5A /* GameSettings+make.swift in Sources */ = {isa = PBXBuildFile; fileRef = 817A66172C8D6E3600B21E5A /* GameSettings+make.swift */; };
		817A66202C8E251E00B21E5A /* GameStatus.swift in Sources */ = {isa = PBXBuildFile; fileRef = 817A661F2C8E251E00B21E5A /* GameStatus.swift */; };
		817A66222C8EF5F100B21E5A /* StorageProtocol.swift in Sources */ = {isa = PBXBuildFile; fileRef = 817A66212C8EF5F100B21E5A /* StorageProtocol.swift */; };
		817AAB2F2C87B53000778E67 /* GameStamp.swift in Sources */ = {isa = PBXBuildFile; fileRef = 817AAB2E2C87B53000778E67 /* GameStamp.swift */; };
		817AAB312C8833C400778E67 /* GameViewModel.swift in Sources */ = {isa = PBXBuildFile; fileRef = 817AAB302C8833C400778E67 /* GameViewModel.swift */; };
		818BC32B2C88B92E003F4D8A /* RootViewStyle+default.swift in Sources */ = {isa = PBXBuildFile; fileRef = 818BC32A2C88B92E003F4D8A /* RootViewStyle+default.swift */; };
		818E16EB2CA027B4004AFD0E /* Question.swift in Sources */ = {isa = PBXBuildFile; fileRef = 818E16EA2CA027B0004AFD0E /* Question.swift */; };
		818E16ED2CA0335F004AFD0E /* QuestionRepositoryTests.swift in Sources */ = {isa = PBXBuildFile; fileRef = 818E16EC2CA0335F004AFD0E /* QuestionRepositoryTests.swift */; };
		818E16F22CA03574004AFD0E /* Mockable in Frameworks */ = {isa = PBXBuildFile; productRef = 818E16F12CA03574004AFD0E /* Mockable */; };
		818E16F42CA03574004AFD0E /* MockableTest in Frameworks */ = {isa = PBXBuildFile; productRef = 818E16F32CA03574004AFD0E /* MockableTest */; };
		818E16F62CA055EB004AFD0E /* NetwotkProtocolMock.swift in Sources */ = {isa = PBXBuildFile; fileRef = 818E16F52CA055DE004AFD0E /* NetwotkProtocolMock.swift */; };
		818E16F82CA05668004AFD0E /* RandomCountryCodeProviderProtocolMock.swift in Sources */ = {isa = PBXBuildFile; fileRef = 818E16F72CA05667004AFD0E /* RandomCountryCodeProviderProtocolMock.swift */; };
		818E16FA2CA056EA004AFD0E /* StorageProtocolMock.swift in Sources */ = {isa = PBXBuildFile; fileRef = 818E16F92CA056E9004AFD0E /* StorageProtocolMock.swift */; };
		818E16FC2CA05A2D004AFD0E /* Question+make.swift in Sources */ = {isa = PBXBuildFile; fileRef = 818E16FB2CA05A23004AFD0E /* Question+make.swift */; };
		818E16FE2CA073EA004AFD0E /* RemainingLivesRepositoryTests.swift in Sources */ = {isa = PBXBuildFile; fileRef = 818E16FD2CA073E0004AFD0E /* RemainingLivesRepositoryTests.swift */; };
		818E17022CA07B70004AFD0E /* ChoiceButtonRepositoryTests.swift in Sources */ = {isa = PBXBuildFile; fileRef = 818E17012CA07B6C004AFD0E /* ChoiceButtonRepositoryTests.swift */; };
		8190ADF22C825ADD0031F1E3 /* Publisher+asyncMap.swift in Sources */ = {isa = PBXBuildFile; fileRef = 8190ADF12C825ADD0031F1E3 /* Publisher+asyncMap.swift */; };
		8190ADF42C8260D40031F1E3 /* QuestionViewData.swift in Sources */ = {isa = PBXBuildFile; fileRef = 8190ADF32C8260D40031F1E3 /* QuestionViewData.swift */; };
		8191DECC2C9DD521001F98DB /* PlaySound.swift in Sources */ = {isa = PBXBuildFile; fileRef = 8191DECB2C9DD51F001F98DB /* PlaySound.swift */; };
		8191DED22C9EE309001F98DB /* ChoiceButtonViewModel.swift in Sources */ = {isa = PBXBuildFile; fileRef = 8191DED12C9EE2F6001F98DB /* ChoiceButtonViewModel.swift */; };
		8191DED42C9EE48E001F98DB /* ChoiceButtonRepository.swift in Sources */ = {isa = PBXBuildFile; fileRef = 8191DED32C9EE489001F98DB /* ChoiceButtonRepository.swift */; };
		81A3CFFB2C84AF8300D789E5 /* GameOverViewStyle+default.swift in Sources */ = {isa = PBXBuildFile; fileRef = 81A3CFFA2C84AF8300D789E5 /* GameOverViewStyle+default.swift */; };
		81A3CFFD2C84AFCE00D789E5 /* GameViewStyle+default.swift in Sources */ = {isa = PBXBuildFile; fileRef = 81A3CFFC2C84AFCE00D789E5 /* GameViewStyle+default.swift */; };
		81ABE8292C9945A000FC89D0 /* ReactiveStorage in Frameworks */ = {isa = PBXBuildFile; productRef = 81ABE8282C9945A000FC89D0 /* ReactiveStorage */; };
		81B59CA92C94474A00DB8CFA /* RemainingLivesViewStyle+default.swift in Sources */ = {isa = PBXBuildFile; fileRef = 81B59CA82C94474A00DB8CFA /* RemainingLivesViewStyle+default.swift */; };
		81B8BC3E2CA2B88500B0B395 /* RemainingLivesViewModelTests.swift in Sources */ = {isa = PBXBuildFile; fileRef = 81B8BC3D2CA2B87A00B0B395 /* RemainingLivesViewModelTests.swift */; };
		81B8BC402CA2B97900B0B395 /* RemainingLivesRepositoryProtocolMock.swift in Sources */ = {isa = PBXBuildFile; fileRef = 81B8BC3F2CA2B97700B0B395 /* RemainingLivesRepositoryProtocolMock.swift */; };
		81B8BC422CA2BCEC00B0B395 /* RootViewModelTests.swift in Sources */ = {isa = PBXBuildFile; fileRef = 81B8BC412CA2BCE200B0B395 /* RootViewModelTests.swift */; };
		81B8BC442CA2BD9C00B0B395 /* RootViewModelProtocolMock.swift in Sources */ = {isa = PBXBuildFile; fileRef = 81B8BC432CA2BD9A00B0B395 /* RootViewModelProtocolMock.swift */; };
		81B8BC462CA2BDDD00B0B395 /* GameViewModelProtocolMock.swift in Sources */ = {isa = PBXBuildFile; fileRef = 81B8BC452CA2BDDC00B0B395 /* GameViewModelProtocolMock.swift */; };
		81BB95B22C8F070500003393 /* NetworkProtocol.swift in Sources */ = {isa = PBXBuildFile; fileRef = 81BB95B12C8F070500003393 /* NetworkProtocol.swift */; };
		81D416042C74803B0061A1B6 /* QuestionView.swift in Sources */ = {isa = PBXBuildFile; fileRef = 81D416032C74803B0061A1B6 /* QuestionView.swift */; };
		81E36CEF2C7458BA00F71DB5 /* ServerCountry+make.swift in Sources */ = {isa = PBXBuildFile; fileRef = 81E36CEE2C7458BA00F71DB5 /* ServerCountry+make.swift */; };
		81E44F3A2C6B5B6F00029516 /* QuestionViewModel.swift in Sources */ = {isa = PBXBuildFile; fileRef = 81E44F392C6B5B6F00029516 /* QuestionViewModel.swift */; };
		81E5DD082C9B123400CE10AB /* ReactiveStorage in Frameworks */ = {isa = PBXBuildFile; productRef = 81E5DD072C9B123400CE10AB /* ReactiveStorage */; };
		81E5DD0B2C9B1B1F00CE10AB /* EntryPoint.swift in Sources */ = {isa = PBXBuildFile; fileRef = 81E5DD0A2C9B1B1F00CE10AB /* EntryPoint.swift */; };
		81E5DD0D2C9BE50500CE10AB /* View+detectOrientationChanges.swift in Sources */ = {isa = PBXBuildFile; fileRef = 81E5DD0C2C9BE50500CE10AB /* View+detectOrientationChanges.swift */; };
		81E5DD1D2C9BEB5300CE10AB /* InlineSnapshotTesting in Frameworks */ = {isa = PBXBuildFile; productRef = 81E5DD1C2C9BEB5300CE10AB /* InlineSnapshotTesting */; };
		81E5DD1F2C9BEB5700CE10AB /* SnapshotTesting in Frameworks */ = {isa = PBXBuildFile; productRef = 81E5DD1E2C9BEB5700CE10AB /* SnapshotTesting */; };
		81E5DD292C9C3BAA00CE10AB /* GameRouter.swift in Sources */ = {isa = PBXBuildFile; fileRef = 81E5DD282C9C3BAA00CE10AB /* GameRouter.swift */; };
		81EE1BE72C85D5D800D874D9 /* RemainingLivesViewModel.swift in Sources */ = {isa = PBXBuildFile; fileRef = 81EE1BE62C85D5D800D874D9 /* RemainingLivesViewModel.swift */; };
		81EE1BE92C85D64D00D874D9 /* RemainingLivesRepository.swift in Sources */ = {isa = PBXBuildFile; fileRef = 81EE1BE82C85D64D00D874D9 /* RemainingLivesRepository.swift */; };
		81EE1BEB2C85D8CD00D874D9 /* RemainingLivesView.swift in Sources */ = {isa = PBXBuildFile; fileRef = 81EE1BEA2C85D8CD00D874D9 /* RemainingLivesView.swift */; };
/* End PBXBuildFile section */

/* Begin PBXContainerItemProxy section */
		8134F91B2C68CB610052D0DF /* PBXContainerItemProxy */ = {
			isa = PBXContainerItemProxy;
			containerPortal = 8134F9022C68CB600052D0DF /* Project object */;
			proxyType = 1;
			remoteGlobalIDString = 8134F9092C68CB600052D0DF;
			remoteInfo = CoatOfArms;
		};
		81E5DD172C9BEB4300CE10AB /* PBXContainerItemProxy */ = {
			isa = PBXContainerItemProxy;
			containerPortal = 8134F9022C68CB600052D0DF /* Project object */;
			proxyType = 1;
			remoteGlobalIDString = 8134F9092C68CB600052D0DF;
			remoteInfo = CoatOfArms;
		};
/* End PBXContainerItemProxy section */

/* Begin PBXFileReference section */
		8101D52B2C8489D90013CE5A /* Localizable.xcstrings */ = {isa = PBXFileReference; lastKnownFileType = text.json.xcstrings; path = Localizable.xcstrings; sourceTree = "<group>"; };
		8107D6E32C8AD16300F0094D /* UserChoice+make.swift */ = {isa = PBXFileReference; lastKnownFileType = sourcecode.swift; path = "UserChoice+make.swift"; sourceTree = "<group>"; };
		81097A572C6C7B2200554C1E /* RandomCountryCodeProvider.swift */ = {isa = PBXFileReference; lastKnownFileType = sourcecode.swift; path = RandomCountryCodeProvider.swift; sourceTree = "<group>"; };
		81097A5D2C6CAF0A00554C1E /* ChoiceButtonViewData.swift */ = {isa = PBXFileReference; lastKnownFileType = sourcecode.swift; path = ChoiceButtonViewData.swift; sourceTree = "<group>"; };
		81097A5F2C6CAFDE00554C1E /* CountryCode.swift */ = {isa = PBXFileReference; lastKnownFileType = sourcecode.swift; path = CountryCode.swift; sourceTree = "<group>"; };
		810F903A2CA1BE750016A04F /* Prefetchimage.swift */ = {isa = PBXFileReference; lastKnownFileType = sourcecode.swift; path = Prefetchimage.swift; sourceTree = "<group>"; };
		810F903E2CA1C8560016A04F /* QuestionRepositoryProtocolMock.swift */ = {isa = PBXFileReference; lastKnownFileType = sourcecode.swift; path = QuestionRepositoryProtocolMock.swift; sourceTree = "<group>"; };
		81135F0D2C86312600889507 /* GameView.swift */ = {isa = PBXFileReference; lastKnownFileType = sourcecode.swift; path = GameView.swift; sourceTree = "<group>"; };
		81135F152C86D7EF00889507 /* RootView.swift */ = {isa = PBXFileReference; lastKnownFileType = sourcecode.swift; path = RootView.swift; sourceTree = "<group>"; };
		81135F172C86DBF700889507 /* QuestionViewModelFactory.swift */ = {isa = PBXFileReference; lastKnownFileType = sourcecode.swift; path = QuestionViewModelFactory.swift; sourceTree = "<group>"; };
		81135F1B2C86E29E00889507 /* RemainingLivesViewModelFactory.swift */ = {isa = PBXFileReference; lastKnownFileType = sourcecode.swift; path = RemainingLivesViewModelFactory.swift; sourceTree = "<group>"; };
		81135F1D2C86E37900889507 /* GameViewModelFactory.swift */ = {isa = PBXFileReference; lastKnownFileType = sourcecode.swift; path = GameViewModelFactory.swift; sourceTree = "<group>"; };
		81135F1F2C86F58C00889507 /* RootViewModel.swift */ = {isa = PBXFileReference; lastKnownFileType = sourcecode.swift; path = RootViewModel.swift; sourceTree = "<group>"; };
		81184FE12C75CF02005B49E3 /* DynamicStack.swift */ = {isa = PBXFileReference; lastKnownFileType = sourcecode.swift; path = DynamicStack.swift; sourceTree = "<group>"; };
		81184FE62C7639E4005B49E3 /* QuestionViewStyle+default.swift */ = {isa = PBXFileReference; lastKnownFileType = sourcecode.swift; path = "QuestionViewStyle+default.swift"; sourceTree = "<group>"; };
		811B38502C70786D003856C3 /* GameSettings.swift */ = {isa = PBXFileReference; lastKnownFileType = sourcecode.swift; path = GameSettings.swift; sourceTree = "<group>"; };
		811B38522C70EE6D003856C3 /* UserChoice.swift */ = {isa = PBXFileReference; lastKnownFileType = sourcecode.swift; path = UserChoice.swift; sourceTree = "<group>"; };
		811D3A622C82E1210057FE8E /* LoadingState.swift */ = {isa = PBXFileReference; lastKnownFileType = sourcecode.swift; path = LoadingState.swift; sourceTree = "<group>"; };
		811D3A642C82E1BB0057FE8E /* Publisher+imagePrefech.swift */ = {isa = PBXFileReference; lastKnownFileType = sourcecode.swift; path = "Publisher+imagePrefech.swift"; sourceTree = "<group>"; };
		811D3A672C833D000057FE8E /* GameOverView.swift */ = {isa = PBXFileReference; lastKnownFileType = sourcecode.swift; path = GameOverView.swift; sourceTree = "<group>"; };
		813247DF2C9EE8FA000D1C57 /* GetCountryName.swift */ = {isa = PBXFileReference; lastKnownFileType = sourcecode.swift; path = GetCountryName.swift; sourceTree = "<group>"; };
		813247E12C9EEE23000D1C57 /* ChoiceButton.swift */ = {isa = PBXFileReference; lastKnownFileType = sourcecode.swift; path = ChoiceButton.swift; sourceTree = "<group>"; };
		813247E32C9EF1DC000D1C57 /* ChoiceButtonViewModelFactory.swift */ = {isa = PBXFileReference; lastKnownFileType = sourcecode.swift; path = ChoiceButtonViewModelFactory.swift; sourceTree = "<group>"; };
		8134F90A2C68CB600052D0DF /* CoatOfArms.app */ = {isa = PBXFileReference; explicitFileType = wrapper.application; includeInIndex = 0; path = CoatOfArms.app; sourceTree = BUILT_PRODUCTS_DIR; };
		8134F90D2C68CB600052D0DF /* CoatOfArmsApp.swift */ = {isa = PBXFileReference; lastKnownFileType = sourcecode.swift; path = CoatOfArmsApp.swift; sourceTree = "<group>"; };
		8134F9112C68CB610052D0DF /* Assets.xcassets */ = {isa = PBXFileReference; lastKnownFileType = folder.assetcatalog; path = Assets.xcassets; sourceTree = "<group>"; };
		8134F9142C68CB610052D0DF /* Preview Assets.xcassets */ = {isa = PBXFileReference; lastKnownFileType = folder.assetcatalog; path = "Preview Assets.xcassets"; sourceTree = "<group>"; };
		8134F91A2C68CB610052D0DF /* CoatOfArmsTests.xctest */ = {isa = PBXFileReference; explicitFileType = wrapper.cfbundle; includeInIndex = 0; path = CoatOfArmsTests.xctest; sourceTree = BUILT_PRODUCTS_DIR; };
		8134F9422C68CEDE0052D0DF /* QuestionRepository.swift */ = {isa = PBXFileReference; lastKnownFileType = sourcecode.swift; path = QuestionRepository.swift; sourceTree = "<group>"; };
		8134F9442C68CFED0052D0DF /* ServerCountry.swift */ = {isa = PBXFileReference; lastKnownFileType = sourcecode.swift; path = ServerCountry.swift; sourceTree = "<group>"; };
		8134F9482C68D3900052D0DF /* ServerCountry+Decoder.swift */ = {isa = PBXFileReference; lastKnownFileType = sourcecode.swift; path = "ServerCountry+Decoder.swift"; sourceTree = "<group>"; };
		816E7DF32CA141D400374239 /* Tags.swift */ = {isa = PBXFileReference; lastKnownFileType = sourcecode.swift; path = Tags.swift; sourceTree = "<group>"; };
		816E7DF62CA1423200374239 /* ChoiceButtonViewModelTests.swift */ = {isa = PBXFileReference; lastKnownFileType = sourcecode.swift; path = ChoiceButtonViewModelTests.swift; sourceTree = "<group>"; };
		816E7DFC2CA146BB00374239 /* GameRouterProtocolMock.swift */ = {isa = PBXFileReference; lastKnownFileType = sourcecode.swift; path = GameRouterProtocolMock.swift; sourceTree = "<group>"; };
		816E7DFE2CA1472B00374239 /* ChoiceButtonRepositoryProtocolMock.swift */ = {isa = PBXFileReference; lastKnownFileType = sourcecode.swift; path = ChoiceButtonRepositoryProtocolMock.swift; sourceTree = "<group>"; };
		816E7E002CA1721D00374239 /* ChoiceButtonViewModelProtocolMock.swift */ = {isa = PBXFileReference; lastKnownFileType = sourcecode.swift; path = ChoiceButtonViewModelProtocolMock.swift; sourceTree = "<group>"; };
		816E7E022CA1728E00374239 /* QuestionViewModelProtocolMock.swift */ = {isa = PBXFileReference; lastKnownFileType = sourcecode.swift; path = QuestionViewModelProtocolMock.swift; sourceTree = "<group>"; };
		816E7E042CA1738A00374239 /* RemainingLivesViewModelProtocolMock.swift */ = {isa = PBXFileReference; lastKnownFileType = sourcecode.swift; path = RemainingLivesViewModelProtocolMock.swift; sourceTree = "<group>"; };
		816E7E062CA1AC4800374239 /* GameViewModelTests.swift */ = {isa = PBXFileReference; lastKnownFileType = sourcecode.swift; path = GameViewModelTests.swift; sourceTree = "<group>"; };
		816E7E082CA1B34B00374239 /* QuesionViewModelTests.swift */ = {isa = PBXFileReference; lastKnownFileType = sourcecode.swift; path = QuesionViewModelTests.swift; sourceTree = "<group>"; };
		817A66172C8D6E3600B21E5A /* GameSettings+make.swift */ = {isa = PBXFileReference; lastKnownFileType = sourcecode.swift; path = "GameSettings+make.swift"; sourceTree = "<group>"; };
		817A661F2C8E251E00B21E5A /* GameStatus.swift */ = {isa = PBXFileReference; lastKnownFileType = sourcecode.swift; path = GameStatus.swift; sourceTree = "<group>"; };
		817A66212C8EF5F100B21E5A /* StorageProtocol.swift */ = {isa = PBXFileReference; lastKnownFileType = sourcecode.swift; path = StorageProtocol.swift; sourceTree = "<group>"; };
		817AAB2E2C87B53000778E67 /* GameStamp.swift */ = {isa = PBXFileReference; lastKnownFileType = sourcecode.swift; path = GameStamp.swift; sourceTree = "<group>"; };
		817AAB302C8833C400778E67 /* GameViewModel.swift */ = {isa = PBXFileReference; lastKnownFileType = sourcecode.swift; path = GameViewModel.swift; sourceTree = "<group>"; };
		818BC32A2C88B92E003F4D8A /* RootViewStyle+default.swift */ = {isa = PBXFileReference; lastKnownFileType = sourcecode.swift; path = "RootViewStyle+default.swift"; sourceTree = "<group>"; };
		818E16EA2CA027B0004AFD0E /* Question.swift */ = {isa = PBXFileReference; lastKnownFileType = sourcecode.swift; path = Question.swift; sourceTree = "<group>"; };
		818E16EC2CA0335F004AFD0E /* QuestionRepositoryTests.swift */ = {isa = PBXFileReference; lastKnownFileType = sourcecode.swift; path = QuestionRepositoryTests.swift; sourceTree = "<group>"; };
		818E16F52CA055DE004AFD0E /* NetwotkProtocolMock.swift */ = {isa = PBXFileReference; lastKnownFileType = sourcecode.swift; path = NetwotkProtocolMock.swift; sourceTree = "<group>"; };
		818E16F72CA05667004AFD0E /* RandomCountryCodeProviderProtocolMock.swift */ = {isa = PBXFileReference; lastKnownFileType = sourcecode.swift; path = RandomCountryCodeProviderProtocolMock.swift; sourceTree = "<group>"; };
		818E16F92CA056E9004AFD0E /* StorageProtocolMock.swift */ = {isa = PBXFileReference; lastKnownFileType = sourcecode.swift; path = StorageProtocolMock.swift; sourceTree = "<group>"; };
		818E16FB2CA05A23004AFD0E /* Question+make.swift */ = {isa = PBXFileReference; lastKnownFileType = sourcecode.swift; path = "Question+make.swift"; sourceTree = "<group>"; };
		818E16FD2CA073E0004AFD0E /* RemainingLivesRepositoryTests.swift */ = {isa = PBXFileReference; lastKnownFileType = sourcecode.swift; path = RemainingLivesRepositoryTests.swift; sourceTree = "<group>"; };
		818E17012CA07B6C004AFD0E /* ChoiceButtonRepositoryTests.swift */ = {isa = PBXFileReference; lastKnownFileType = sourcecode.swift; path = ChoiceButtonRepositoryTests.swift; sourceTree = "<group>"; };
		8190ADF12C825ADD0031F1E3 /* Publisher+asyncMap.swift */ = {isa = PBXFileReference; lastKnownFileType = sourcecode.swift; path = "Publisher+asyncMap.swift"; sourceTree = "<group>"; };
		8190ADF32C8260D40031F1E3 /* QuestionViewData.swift */ = {isa = PBXFileReference; lastKnownFileType = sourcecode.swift; path = QuestionViewData.swift; sourceTree = "<group>"; };
		8191DECB2C9DD51F001F98DB /* PlaySound.swift */ = {isa = PBXFileReference; lastKnownFileType = sourcecode.swift; path = PlaySound.swift; sourceTree = "<group>"; };
		8191DED12C9EE2F6001F98DB /* ChoiceButtonViewModel.swift */ = {isa = PBXFileReference; lastKnownFileType = sourcecode.swift; path = ChoiceButtonViewModel.swift; sourceTree = "<group>"; };
		8191DED32C9EE489001F98DB /* ChoiceButtonRepository.swift */ = {isa = PBXFileReference; lastKnownFileType = sourcecode.swift; path = ChoiceButtonRepository.swift; sourceTree = "<group>"; };
		81A3CFFA2C84AF8300D789E5 /* GameOverViewStyle+default.swift */ = {isa = PBXFileReference; lastKnownFileType = sourcecode.swift; path = "GameOverViewStyle+default.swift"; sourceTree = "<group>"; };
		81A3CFFC2C84AFCE00D789E5 /* GameViewStyle+default.swift */ = {isa = PBXFileReference; lastKnownFileType = sourcecode.swift; path = "GameViewStyle+default.swift"; sourceTree = "<group>"; };
		81B59CA82C94474A00DB8CFA /* RemainingLivesViewStyle+default.swift */ = {isa = PBXFileReference; lastKnownFileType = sourcecode.swift; path = "RemainingLivesViewStyle+default.swift"; sourceTree = "<group>"; };
		81B8BC3D2CA2B87A00B0B395 /* RemainingLivesViewModelTests.swift */ = {isa = PBXFileReference; lastKnownFileType = sourcecode.swift; path = RemainingLivesViewModelTests.swift; sourceTree = "<group>"; };
		81B8BC3F2CA2B97700B0B395 /* RemainingLivesRepositoryProtocolMock.swift */ = {isa = PBXFileReference; lastKnownFileType = sourcecode.swift; path = RemainingLivesRepositoryProtocolMock.swift; sourceTree = "<group>"; };
		81B8BC412CA2BCE200B0B395 /* RootViewModelTests.swift */ = {isa = PBXFileReference; lastKnownFileType = sourcecode.swift; path = RootViewModelTests.swift; sourceTree = "<group>"; };
		81B8BC432CA2BD9A00B0B395 /* RootViewModelProtocolMock.swift */ = {isa = PBXFileReference; lastKnownFileType = sourcecode.swift; path = RootViewModelProtocolMock.swift; sourceTree = "<group>"; };
		81B8BC452CA2BDDC00B0B395 /* GameViewModelProtocolMock.swift */ = {isa = PBXFileReference; lastKnownFileType = sourcecode.swift; path = GameViewModelProtocolMock.swift; sourceTree = "<group>"; };
		81BB95B12C8F070500003393 /* NetworkProtocol.swift */ = {isa = PBXFileReference; lastKnownFileType = sourcecode.swift; path = NetworkProtocol.swift; sourceTree = "<group>"; };
		81D416032C74803B0061A1B6 /* QuestionView.swift */ = {isa = PBXFileReference; lastKnownFileType = sourcecode.swift; path = QuestionView.swift; sourceTree = "<group>"; };
		81E36CEE2C7458BA00F71DB5 /* ServerCountry+make.swift */ = {isa = PBXFileReference; lastKnownFileType = sourcecode.swift; path = "ServerCountry+make.swift"; sourceTree = "<group>"; };
		81E44F392C6B5B6F00029516 /* QuestionViewModel.swift */ = {isa = PBXFileReference; lastKnownFileType = sourcecode.swift; path = QuestionViewModel.swift; sourceTree = "<group>"; };
		81E5DD0A2C9B1B1F00CE10AB /* EntryPoint.swift */ = {isa = PBXFileReference; lastKnownFileType = sourcecode.swift; path = EntryPoint.swift; sourceTree = "<group>"; };
		81E5DD0C2C9BE50500CE10AB /* View+detectOrientationChanges.swift */ = {isa = PBXFileReference; lastKnownFileType = sourcecode.swift; path = "View+detectOrientationChanges.swift"; sourceTree = "<group>"; };
		81E5DD132C9BEB4300CE10AB /* SnapshotTests.xctest */ = {isa = PBXFileReference; explicitFileType = wrapper.cfbundle; includeInIndex = 0; path = SnapshotTests.xctest; sourceTree = BUILT_PRODUCTS_DIR; };
		81E5DD252C9BF0CB00CE10AB /* CoatOfArms.xctestplan */ = {isa = PBXFileReference; lastKnownFileType = text; path = CoatOfArms.xctestplan; sourceTree = "<group>"; };
		81E5DD282C9C3BAA00CE10AB /* GameRouter.swift */ = {isa = PBXFileReference; lastKnownFileType = sourcecode.swift; path = GameRouter.swift; sourceTree = "<group>"; };
		81EE1BE62C85D5D800D874D9 /* RemainingLivesViewModel.swift */ = {isa = PBXFileReference; lastKnownFileType = sourcecode.swift; path = RemainingLivesViewModel.swift; sourceTree = "<group>"; };
		81EE1BE82C85D64D00D874D9 /* RemainingLivesRepository.swift */ = {isa = PBXFileReference; lastKnownFileType = sourcecode.swift; path = RemainingLivesRepository.swift; sourceTree = "<group>"; };
		81EE1BEA2C85D8CD00D874D9 /* RemainingLivesView.swift */ = {isa = PBXFileReference; lastKnownFileType = sourcecode.swift; path = RemainingLivesView.swift; sourceTree = "<group>"; };
/* End PBXFileReference section */

/* Begin PBXFrameworksBuildPhase section */
		8134F9072C68CB600052D0DF /* Frameworks */ = {
			isa = PBXFrameworksBuildPhase;
			buildActionMask = 2147483647;
			files = (
				8134F93F2C68CDF60052D0DF /* Kingfisher in Frameworks */,
				8134F9392C68CD4D0052D0DF /* Network in Frameworks */,
				81ABE8292C9945A000FC89D0 /* ReactiveStorage in Frameworks */,
				81E5DD082C9B123400CE10AB /* ReactiveStorage in Frameworks */,
				818E16F22CA03574004AFD0E /* Mockable in Frameworks */,
			);
			runOnlyForDeploymentPostprocessing = 0;
		};
		8134F9172C68CB610052D0DF /* Frameworks */ = {
			isa = PBXFrameworksBuildPhase;
			buildActionMask = 2147483647;
			files = (
				818E16F42CA03574004AFD0E /* MockableTest in Frameworks */,
			);
			runOnlyForDeploymentPostprocessing = 0;
		};
		81E5DD102C9BEB4300CE10AB /* Frameworks */ = {
			isa = PBXFrameworksBuildPhase;
			buildActionMask = 2147483647;
			files = (
				81E5DD1D2C9BEB5300CE10AB /* InlineSnapshotTesting in Frameworks */,
				81E5DD1F2C9BEB5700CE10AB /* SnapshotTesting in Frameworks */,
			);
			runOnlyForDeploymentPostprocessing = 0;
		};
/* End PBXFrameworksBuildPhase section */

/* Begin PBXGroup section */
		8107D6E92C8B112100F0094D /* _factories */ = {
			isa = PBXGroup;
			children = (
				813247E32C9EF1DC000D1C57 /* ChoiceButtonViewModelFactory.swift */,
				81135F1D2C86E37900889507 /* GameViewModelFactory.swift */,
				81135F172C86DBF700889507 /* QuestionViewModelFactory.swift */,
				81135F1B2C86E29E00889507 /* RemainingLivesViewModelFactory.swift */,
			);
			path = _factories;
			sourceTree = "<group>";
		};
		81184FE02C75CEF0005B49E3 /* _shared */ = {
			isa = PBXGroup;
			children = (
				81E5DD092C9B1ADC00CE10AB /* _protocols */,
				81FCD9152C9C806A00C6FFFD /* extensions */,
				81FCD9162C9C80BB00C6FFFD /* UI */,
				81FCD9172C9C80C700C6FFFD /* UseCases */,
			);
			path = _shared;
			sourceTree = "<group>";
		};
		81184FE52C7639B1005B49E3 /* _styles */ = {
			isa = PBXGroup;
			children = (
				81A3CFFA2C84AF8300D789E5 /* GameOverViewStyle+default.swift */,
				81A3CFFC2C84AFCE00D789E5 /* GameViewStyle+default.swift */,
				81184FE62C7639E4005B49E3 /* QuestionViewStyle+default.swift */,
				818BC32A2C88B92E003F4D8A /* RootViewStyle+default.swift */,
				81B59CA82C94474A00DB8CFA /* RemainingLivesViewStyle+default.swift */,
			);
			path = _styles;
			sourceTree = "<group>";
		};
		811B385A2C710135003856C3 /* Data */ = {
			isa = PBXGroup;
			children = (
				818E17012CA07B6C004AFD0E /* ChoiceButtonRepositoryTests.swift */,
				818E16EC2CA0335F004AFD0E /* QuestionRepositoryTests.swift */,
				818E16FD2CA073E0004AFD0E /* RemainingLivesRepositoryTests.swift */,
			);
			path = Data;
			sourceTree = "<group>";
		};
		811D3A662C82EC6F0057FE8E /* ViewData */ = {
			isa = PBXGroup;
			children = (
				817A661F2C8E251E00B21E5A /* GameStatus.swift */,
				81097A5D2C6CAF0A00554C1E /* ChoiceButtonViewData.swift */,
				8190ADF32C8260D40031F1E3 /* QuestionViewData.swift */,
			);
			path = ViewData;
			sourceTree = "<group>";
		};
		8134F9012C68CB600052D0DF = {
			isa = PBXGroup;
			children = (
				8134F90C2C68CB600052D0DF /* CoatOfArms */,
				8134F91D2C68CB610052D0DF /* CoatOfArmsTests */,
				81E5DD142C9BEB4300CE10AB /* SnapshotTests */,
				8134F90B2C68CB600052D0DF /* Products */,
				81E44F352C6B4CD500029516 /* Frameworks */,
				81E5DD252C9BF0CB00CE10AB /* CoatOfArms.xctestplan */,
			);
			sourceTree = "<group>";
		};
		8134F90B2C68CB600052D0DF /* Products */ = {
			isa = PBXGroup;
			children = (
				8134F90A2C68CB600052D0DF /* CoatOfArms.app */,
				8134F91A2C68CB610052D0DF /* CoatOfArmsTests.xctest */,
				81E5DD132C9BEB4300CE10AB /* SnapshotTests.xctest */,
			);
			name = Products;
			sourceTree = "<group>";
		};
		8134F90C2C68CB600052D0DF /* CoatOfArms */ = {
			isa = PBXGroup;
			children = (
				81184FE02C75CEF0005B49E3 /* _shared */,
				81184FE52C7639B1005B49E3 /* _styles */,
				8182871C2C906F930019C132 /* Game */,
				8134F9132C68CB610052D0DF /* Preview Content */,
				8134F90D2C68CB600052D0DF /* CoatOfArmsApp.swift */,
				811B38502C70786D003856C3 /* GameSettings.swift */,
				81E5DD0A2C9B1B1F00CE10AB /* EntryPoint.swift */,
				8134F9112C68CB610052D0DF /* Assets.xcassets */,
				8101D52B2C8489D90013CE5A /* Localizable.xcstrings */,
			);
			path = CoatOfArms;
			sourceTree = "<group>";
		};
		8134F9132C68CB610052D0DF /* Preview Content */ = {
			isa = PBXGroup;
			children = (
				8134F9142C68CB610052D0DF /* Preview Assets.xcassets */,
			);
			path = "Preview Content";
			sourceTree = "<group>";
		};
		8134F91D2C68CB610052D0DF /* CoatOfArmsTests */ = {
			isa = PBXGroup;
			children = (
				816E7DF32CA141D400374239 /* Tags.swift */,
				81E36CE52C734C5D00F71DB5 /* _doubles */,
				8134F9502C69F1FC0052D0DF /* _mocks */,
				818E17032CA085E4004AFD0E /* Game */,
			);
			path = CoatOfArmsTests;
			sourceTree = "<group>";
		};
		8134F9412C68CEAD0052D0DF /* Data */ = {
			isa = PBXGroup;
			children = (
				81D4160A2C74927F0061A1B6 /* DomainEntities */,
				8191DED32C9EE489001F98DB /* ChoiceButtonRepository.swift */,
				8134F9422C68CEDE0052D0DF /* QuestionRepository.swift */,
				81EE1BE82C85D64D00D874D9 /* RemainingLivesRepository.swift */,
			);
			path = Data;
			sourceTree = "<group>";
		};
		8134F9502C69F1FC0052D0DF /* _mocks */ = {
			isa = PBXGroup;
			children = (
				81B8BC452CA2BDDC00B0B395 /* GameViewModelProtocolMock.swift */,
				816E7DFE2CA1472B00374239 /* ChoiceButtonRepositoryProtocolMock.swift */,
				81B8BC432CA2BD9A00B0B395 /* RootViewModelProtocolMock.swift */,
				816E7E002CA1721D00374239 /* ChoiceButtonViewModelProtocolMock.swift */,
				816E7DFC2CA146BB00374239 /* GameRouterProtocolMock.swift */,
				818E16F52CA055DE004AFD0E /* NetwotkProtocolMock.swift */,
				810F903E2CA1C8560016A04F /* QuestionRepositoryProtocolMock.swift */,
				816E7E022CA1728E00374239 /* QuestionViewModelProtocolMock.swift */,
				818E16F72CA05667004AFD0E /* RandomCountryCodeProviderProtocolMock.swift */,
				81B8BC3F2CA2B97700B0B395 /* RemainingLivesRepositoryProtocolMock.swift */,
				816E7E042CA1738A00374239 /* RemainingLivesViewModelProtocolMock.swift */,
				818E16F92CA056E9004AFD0E /* StorageProtocolMock.swift */,
			);
			path = _mocks;
			sourceTree = "<group>";
		};
		816E7DF52CA1422A00374239 /* ViewModels */ = {
			isa = PBXGroup;
			children = (
				816E7DF62CA1423200374239 /* ChoiceButtonViewModelTests.swift */,
				816E7E062CA1AC4800374239 /* GameViewModelTests.swift */,
				816E7E082CA1B34B00374239 /* QuesionViewModelTests.swift */,
				81B8BC3D2CA2B87A00B0B395 /* RemainingLivesViewModelTests.swift */,
				81B8BC412CA2BCE200B0B395 /* RootViewModelTests.swift */,
			);
			path = ViewModels;
			sourceTree = "<group>";
		};
		8182871C2C906F930019C132 /* Game */ = {
			isa = PBXGroup;
			children = (
				8134F9412C68CEAD0052D0DF /* Data */,
				81E44F382C6B5B5400029516 /* ViewModels */,
				81D415C72C7461460061A1B6 /* Views */,
				81E5DD282C9C3BAA00CE10AB /* GameRouter.swift */,
			);
			path = Game;
			sourceTree = "<group>";
		};
		818E17032CA085E4004AFD0E /* Game */ = {
			isa = PBXGroup;
			children = (
				811B385A2C710135003856C3 /* Data */,
				816E7DF52CA1422A00374239 /* ViewModels */,
			);
			path = Game;
			sourceTree = "<group>";
		};
		81D415C72C7461460061A1B6 /* Views */ = {
			isa = PBXGroup;
			children = (
				811D3A662C82EC6F0057FE8E /* ViewData */,
				813247E12C9EEE23000D1C57 /* ChoiceButton.swift */,
				811D3A672C833D000057FE8E /* GameOverView.swift */,
				81135F0D2C86312600889507 /* GameView.swift */,
				81D416032C74803B0061A1B6 /* QuestionView.swift */,
				81EE1BEA2C85D8CD00D874D9 /* RemainingLivesView.swift */,
				81135F152C86D7EF00889507 /* RootView.swift */,
			);
			path = Views;
			sourceTree = "<group>";
		};
		81D4160A2C74927F0061A1B6 /* DomainEntities */ = {
			isa = PBXGroup;
			children = (
				81097A5F2C6CAFDE00554C1E /* CountryCode.swift */,
				817AAB2E2C87B53000778E67 /* GameStamp.swift */,
				818E16EA2CA027B0004AFD0E /* Question.swift */,
				8134F9442C68CFED0052D0DF /* ServerCountry.swift */,
				8134F9482C68D3900052D0DF /* ServerCountry+Decoder.swift */,
				811B38522C70EE6D003856C3 /* UserChoice.swift */,
			);
			path = DomainEntities;
			sourceTree = "<group>";
		};
		81E36CE52C734C5D00F71DB5 /* _doubles */ = {
			isa = PBXGroup;
			children = (
				818E16FB2CA05A23004AFD0E /* Question+make.swift */,
				81E36CEE2C7458BA00F71DB5 /* ServerCountry+make.swift */,
				8107D6E32C8AD16300F0094D /* UserChoice+make.swift */,
				817A66172C8D6E3600B21E5A /* GameSettings+make.swift */,
			);
			path = _doubles;
			sourceTree = "<group>";
		};
		81E44F352C6B4CD500029516 /* Frameworks */ = {
			isa = PBXGroup;
			children = (
			);
			name = Frameworks;
			sourceTree = "<group>";
		};
		81E44F382C6B5B5400029516 /* ViewModels */ = {
			isa = PBXGroup;
			children = (
				8107D6E92C8B112100F0094D /* _factories */,
				8191DED12C9EE2F6001F98DB /* ChoiceButtonViewModel.swift */,
				817AAB302C8833C400778E67 /* GameViewModel.swift */,
				81E44F392C6B5B6F00029516 /* QuestionViewModel.swift */,
				81EE1BE62C85D5D800D874D9 /* RemainingLivesViewModel.swift */,
				81135F1F2C86F58C00889507 /* RootViewModel.swift */,
			);
			path = ViewModels;
			sourceTree = "<group>";
		};
		81E5DD092C9B1ADC00CE10AB /* _protocols */ = {
			isa = PBXGroup;
			children = (
				817A66212C8EF5F100B21E5A /* StorageProtocol.swift */,
				81BB95B12C8F070500003393 /* NetworkProtocol.swift */,
			);
			path = _protocols;
			sourceTree = "<group>";
		};
		81E5DD142C9BEB4300CE10AB /* SnapshotTests */ = {
			isa = PBXGroup;
			children = (
			);
			path = SnapshotTests;
			sourceTree = "<group>";
		};
		81FCD9152C9C806A00C6FFFD /* extensions */ = {
			isa = PBXGroup;
			children = (
				8190ADF12C825ADD0031F1E3 /* Publisher+asyncMap.swift */,
				811D3A642C82E1BB0057FE8E /* Publisher+imagePrefech.swift */,
				81E5DD0C2C9BE50500CE10AB /* View+detectOrientationChanges.swift */,
			);
			path = extensions;
			sourceTree = "<group>";
		};
		81FCD9162C9C80BB00C6FFFD /* UI */ = {
			isa = PBXGroup;
			children = (
				81184FE12C75CF02005B49E3 /* DynamicStack.swift */,
				811D3A622C82E1210057FE8E /* LoadingState.swift */,
			);
			path = UI;
			sourceTree = "<group>";
		};
		81FCD9172C9C80C700C6FFFD /* UseCases */ = {
			isa = PBXGroup;
			children = (
				810F903A2CA1BE750016A04F /* Prefetchimage.swift */,
				813247DF2C9EE8FA000D1C57 /* GetCountryName.swift */,
				8191DECB2C9DD51F001F98DB /* PlaySound.swift */,
				81097A572C6C7B2200554C1E /* RandomCountryCodeProvider.swift */,
			);
			path = UseCases;
			sourceTree = "<group>";
		};
/* End PBXGroup section */

/* Begin PBXNativeTarget section */
		8134F9092C68CB600052D0DF /* CoatOfArms */ = {
			isa = PBXNativeTarget;
			buildConfigurationList = 8134F92E2C68CB610052D0DF /* Build configuration list for PBXNativeTarget "CoatOfArms" */;
			buildPhases = (
				8134F9062C68CB600052D0DF /* Sources */,
				8134F9072C68CB600052D0DF /* Frameworks */,
				8134F9082C68CB600052D0DF /* Resources */,
			);
			buildRules = (
			);
			dependencies = (
			);
			name = CoatOfArms;
			packageProductDependencies = (
				8134F9382C68CD4D0052D0DF /* Network */,
				8134F93E2C68CDF60052D0DF /* Kingfisher */,
				81ABE8282C9945A000FC89D0 /* ReactiveStorage */,
				81E5DD072C9B123400CE10AB /* ReactiveStorage */,
				818E16F12CA03574004AFD0E /* Mockable */,
			);
			productName = CoatOfArms;
			productReference = 8134F90A2C68CB600052D0DF /* CoatOfArms.app */;
			productType = "com.apple.product-type.application";
		};
		8134F9192C68CB610052D0DF /* CoatOfArmsTests */ = {
			isa = PBXNativeTarget;
			buildConfigurationList = 8134F9312C68CB610052D0DF /* Build configuration list for PBXNativeTarget "CoatOfArmsTests" */;
			buildPhases = (
				8134F9162C68CB610052D0DF /* Sources */,
				8134F9172C68CB610052D0DF /* Frameworks */,
				8134F9182C68CB610052D0DF /* Resources */,
			);
			buildRules = (
			);
			dependencies = (
				8134F91C2C68CB610052D0DF /* PBXTargetDependency */,
			);
			name = CoatOfArmsTests;
			packageProductDependencies = (
				818E16F32CA03574004AFD0E /* MockableTest */,
			);
			productName = CoatOfArmsTests;
			productReference = 8134F91A2C68CB610052D0DF /* CoatOfArmsTests.xctest */;
			productType = "com.apple.product-type.bundle.unit-test";
		};
		81E5DD122C9BEB4300CE10AB /* SnapshotTests */ = {
			isa = PBXNativeTarget;
			buildConfigurationList = 81E5DD192C9BEB4300CE10AB /* Build configuration list for PBXNativeTarget "SnapshotTests" */;
			buildPhases = (
				81E5DD0F2C9BEB4300CE10AB /* Sources */,
				81E5DD102C9BEB4300CE10AB /* Frameworks */,
				81E5DD112C9BEB4300CE10AB /* Resources */,
			);
			buildRules = (
			);
			dependencies = (
				81E5DD182C9BEB4300CE10AB /* PBXTargetDependency */,
			);
			name = SnapshotTests;
			packageProductDependencies = (
				81E5DD1C2C9BEB5300CE10AB /* InlineSnapshotTesting */,
				81E5DD1E2C9BEB5700CE10AB /* SnapshotTesting */,
			);
			productName = SnapshotTests;
			productReference = 81E5DD132C9BEB4300CE10AB /* SnapshotTests.xctest */;
			productType = "com.apple.product-type.bundle.unit-test";
		};
/* End PBXNativeTarget section */

/* Begin PBXProject section */
		8134F9022C68CB600052D0DF /* Project object */ = {
			isa = PBXProject;
			attributes = {
				BuildIndependentTargetsInParallel = 1;
				LastSwiftUpdateCheck = 1540;
				LastUpgradeCheck = 1540;
				TargetAttributes = {
					8134F9092C68CB600052D0DF = {
						CreatedOnToolsVersion = 15.4;
					};
					8134F9192C68CB610052D0DF = {
						CreatedOnToolsVersion = 15.4;
						TestTargetID = 8134F9092C68CB600052D0DF;
					};
					81E5DD122C9BEB4300CE10AB = {
						CreatedOnToolsVersion = 15.4;
						TestTargetID = 8134F9092C68CB600052D0DF;
					};
				};
			};
			buildConfigurationList = 8134F9052C68CB600052D0DF /* Build configuration list for PBXProject "CoatOfArms" */;
			compatibilityVersion = "Xcode 15.3";
			developmentRegion = en;
			hasScannedForEncodings = 0;
			knownRegions = (
				en,
				Base,
				es,
			);
			mainGroup = 8134F9012C68CB600052D0DF;
			packageReferences = (
				8134F9372C68CD4D0052D0DF /* XCRemoteSwiftPackageReference "Network" */,
				8134F93D2C68CDF60052D0DF /* XCRemoteSwiftPackageReference "Kingfisher" */,
				8182870C2C905CEB0019C132 /* XCRemoteSwiftPackageReference "swift-snapshot-testing" */,
				81E5DD062C9B123400CE10AB /* XCRemoteSwiftPackageReference "ReactiveStorage" */,
				818E16F02CA03574004AFD0E /* XCRemoteSwiftPackageReference "Mockable" */,
			);
			productRefGroup = 8134F90B2C68CB600052D0DF /* Products */;
			projectDirPath = "";
			projectRoot = "";
			targets = (
				8134F9092C68CB600052D0DF /* CoatOfArms */,
				8134F9192C68CB610052D0DF /* CoatOfArmsTests */,
				81E5DD122C9BEB4300CE10AB /* SnapshotTests */,
			);
		};
/* End PBXProject section */

/* Begin PBXResourcesBuildPhase section */
		8134F9082C68CB600052D0DF /* Resources */ = {
			isa = PBXResourcesBuildPhase;
			buildActionMask = 2147483647;
			files = (
				8134F9152C68CB610052D0DF /* Preview Assets.xcassets in Resources */,
				8134F9122C68CB610052D0DF /* Assets.xcassets in Resources */,
				8101D52C2C8489D90013CE5A /* Localizable.xcstrings in Resources */,
			);
			runOnlyForDeploymentPostprocessing = 0;
		};
		8134F9182C68CB610052D0DF /* Resources */ = {
			isa = PBXResourcesBuildPhase;
			buildActionMask = 2147483647;
			files = (
			);
			runOnlyForDeploymentPostprocessing = 0;
		};
		81E5DD112C9BEB4300CE10AB /* Resources */ = {
			isa = PBXResourcesBuildPhase;
			buildActionMask = 2147483647;
			files = (
			);
			runOnlyForDeploymentPostprocessing = 0;
		};
/* End PBXResourcesBuildPhase section */

/* Begin PBXSourcesBuildPhase section */
		8134F9062C68CB600052D0DF /* Sources */ = {
			isa = PBXSourcesBuildPhase;
			buildActionMask = 2147483647;
			files = (
				81097A602C6CAFDE00554C1E /* CountryCode.swift in Sources */,
				817A66222C8EF5F100B21E5A /* StorageProtocol.swift in Sources */,
				8134F9452C68CFED0052D0DF /* ServerCountry.swift in Sources */,
				810F903B2CA1BE7D0016A04F /* Prefetchimage.swift in Sources */,
				818BC32B2C88B92E003F4D8A /* RootViewStyle+default.swift in Sources */,
				8134F9492C68D3900052D0DF /* ServerCountry+Decoder.swift in Sources */,
				81E44F3A2C6B5B6F00029516 /* QuestionViewModel.swift in Sources */,
				8191DED42C9EE48E001F98DB /* ChoiceButtonRepository.swift in Sources */,
				813247E42C9EF1EA000D1C57 /* ChoiceButtonViewModelFactory.swift in Sources */,
				813247E02C9EE905000D1C57 /* GetCountryName.swift in Sources */,
				81135F162C86D7EF00889507 /* RootView.swift in Sources */,
				8190ADF22C825ADD0031F1E3 /* Publisher+asyncMap.swift in Sources */,
				81BB95B22C8F070500003393 /* NetworkProtocol.swift in Sources */,
				811D3A632C82E1210057FE8E /* LoadingState.swift in Sources */,
				81135F182C86DBF700889507 /* QuestionViewModelFactory.swift in Sources */,
				81EE1BE72C85D5D800D874D9 /* RemainingLivesViewModel.swift in Sources */,
				81A3CFFB2C84AF8300D789E5 /* GameOverViewStyle+default.swift in Sources */,
				8134F9432C68CEDE0052D0DF /* QuestionRepository.swift in Sources */,
				81A3CFFD2C84AFCE00D789E5 /* GameViewStyle+default.swift in Sources */,
				811D3A652C82E1BB0057FE8E /* Publisher+imagePrefech.swift in Sources */,
				8191DECC2C9DD521001F98DB /* PlaySound.swift in Sources */,
				811B38512C70786D003856C3 /* GameSettings.swift in Sources */,
				811D3A682C833D000057FE8E /* GameOverView.swift in Sources */,
				81184FE72C7639E4005B49E3 /* QuestionViewStyle+default.swift in Sources */,
				81E5DD292C9C3BAA00CE10AB /* GameRouter.swift in Sources */,
				81135F202C86F58C00889507 /* RootViewModel.swift in Sources */,
				81097A582C6C7B2200554C1E /* RandomCountryCodeProvider.swift in Sources */,
				811B38532C70EE6D003856C3 /* UserChoice.swift in Sources */,
				8191DED22C9EE309001F98DB /* ChoiceButtonViewModel.swift in Sources */,
				81184FE22C75CF02005B49E3 /* DynamicStack.swift in Sources */,
				81E5DD0B2C9B1B1F00CE10AB /* EntryPoint.swift in Sources */,
				81E5DD0D2C9BE50500CE10AB /* View+detectOrientationChanges.swift in Sources */,
				818E16EB2CA027B4004AFD0E /* Question.swift in Sources */,
				81D416042C74803B0061A1B6 /* QuestionView.swift in Sources */,
				817AAB312C8833C400778E67 /* GameViewModel.swift in Sources */,
				8190ADF42C8260D40031F1E3 /* QuestionViewData.swift in Sources */,
				817A66202C8E251E00B21E5A /* GameStatus.swift in Sources */,
				81EE1BEB2C85D8CD00D874D9 /* RemainingLivesView.swift in Sources */,
				81B59CA92C94474A00DB8CFA /* RemainingLivesViewStyle+default.swift in Sources */,
				81EE1BE92C85D64D00D874D9 /* RemainingLivesRepository.swift in Sources */,
				8134F90E2C68CB600052D0DF /* CoatOfArmsApp.swift in Sources */,
				81097A5E2C6CAF0A00554C1E /* ChoiceButtonViewData.swift in Sources */,
				81135F1C2C86E29E00889507 /* RemainingLivesViewModelFactory.swift in Sources */,
				813247E22C9EEE36000D1C57 /* ChoiceButton.swift in Sources */,
				81135F1E2C86E37900889507 /* GameViewModelFactory.swift in Sources */,
				817AAB2F2C87B53000778E67 /* GameStamp.swift in Sources */,
				81135F0E2C86312600889507 /* GameView.swift in Sources */,
			);
			runOnlyForDeploymentPostprocessing = 0;
		};
		8134F9162C68CB610052D0DF /* Sources */ = {
			isa = PBXSourcesBuildPhase;
			buildActionMask = 2147483647;
			files = (
				816E7E012CA1721F00374239 /* ChoiceButtonViewModelProtocolMock.swift in Sources */,
				816E7E092CA1B35500374239 /* QuesionViewModelTests.swift in Sources */,
				816E7DFD2CA146BC00374239 /* GameRouterProtocolMock.swift in Sources */,
				816E7E072CA1AC5400374239 /* GameViewModelTests.swift in Sources */,
				818E16FC2CA05A2D004AFD0E /* Question+make.swift in Sources */,
				818E16FE2CA073EA004AFD0E /* RemainingLivesRepositoryTests.swift in Sources */,
				81B8BC462CA2BDDD00B0B395 /* GameViewModelProtocolMock.swift in Sources */,
				816E7DF72CA1423900374239 /* ChoiceButtonViewModelTests.swift in Sources */,
				816E7E032CA1729600374239 /* QuestionViewModelProtocolMock.swift in Sources */,
				816E7DF42CA141D700374239 /* Tags.swift in Sources */,
				816E7DFF2CA1472C00374239 /* ChoiceButtonRepositoryProtocolMock.swift in Sources */,
				8107D6E42C8AD16300F0094D /* UserChoice+make.swift in Sources */,
				81E36CEF2C7458BA00F71DB5 /* ServerCountry+make.swift in Sources */,
				81B8BC422CA2BCEC00B0B395 /* RootViewModelTests.swift in Sources */,
				818E16FA2CA056EA004AFD0E /* StorageProtocolMock.swift in Sources */,
				81B8BC3E2CA2B88500B0B395 /* RemainingLivesViewModelTests.swift in Sources */,
				817A66182C8D6E3600B21E5A /* GameSettings+make.swift in Sources */,
				816E7E052CA1738D00374239 /* RemainingLivesViewModelProtocolMock.swift in Sources */,
				818E17022CA07B70004AFD0E /* ChoiceButtonRepositoryTests.swift in Sources */,
				818E16ED2CA0335F004AFD0E /* QuestionRepositoryTests.swift in Sources */,
				81B8BC402CA2B97900B0B395 /* RemainingLivesRepositoryProtocolMock.swift in Sources */,
				818E16F82CA05668004AFD0E /* RandomCountryCodeProviderProtocolMock.swift in Sources */,
				810F903F2CA1C8570016A04F /* QuestionRepositoryProtocolMock.swift in Sources */,
				81B8BC442CA2BD9C00B0B395 /* RootViewModelProtocolMock.swift in Sources */,
				818E16F62CA055EB004AFD0E /* NetwotkProtocolMock.swift in Sources */,
			);
			runOnlyForDeploymentPostprocessing = 0;
		};
		81E5DD0F2C9BEB4300CE10AB /* Sources */ = {
			isa = PBXSourcesBuildPhase;
			buildActionMask = 2147483647;
			files = (
			);
			runOnlyForDeploymentPostprocessing = 0;
		};
/* End PBXSourcesBuildPhase section */

/* Begin PBXTargetDependency section */
		8134F91C2C68CB610052D0DF /* PBXTargetDependency */ = {
			isa = PBXTargetDependency;
			target = 8134F9092C68CB600052D0DF /* CoatOfArms */;
			targetProxy = 8134F91B2C68CB610052D0DF /* PBXContainerItemProxy */;
		};
		81E5DD182C9BEB4300CE10AB /* PBXTargetDependency */ = {
			isa = PBXTargetDependency;
			target = 8134F9092C68CB600052D0DF /* CoatOfArms */;
			targetProxy = 81E5DD172C9BEB4300CE10AB /* PBXContainerItemProxy */;
		};
/* End PBXTargetDependency section */

/* Begin XCBuildConfiguration section */
		8134F92C2C68CB610052D0DF /* Debug */ = {
			isa = XCBuildConfiguration;
			buildSettings = {
				ALWAYS_SEARCH_USER_PATHS = NO;
				ASSETCATALOG_COMPILER_GENERATE_SWIFT_ASSET_SYMBOL_EXTENSIONS = YES;
				CLANG_ANALYZER_NONNULL = YES;
				CLANG_ANALYZER_NUMBER_OBJECT_CONVERSION = YES_AGGRESSIVE;
				CLANG_CXX_LANGUAGE_STANDARD = "gnu++20";
				CLANG_ENABLE_MODULES = YES;
				CLANG_ENABLE_OBJC_ARC = YES;
				CLANG_ENABLE_OBJC_WEAK = YES;
				CLANG_WARN_BLOCK_CAPTURE_AUTORELEASING = YES;
				CLANG_WARN_BOOL_CONVERSION = YES;
				CLANG_WARN_COMMA = YES;
				CLANG_WARN_CONSTANT_CONVERSION = YES;
				CLANG_WARN_DEPRECATED_OBJC_IMPLEMENTATIONS = YES;
				CLANG_WARN_DIRECT_OBJC_ISA_USAGE = YES_ERROR;
				CLANG_WARN_DOCUMENTATION_COMMENTS = YES;
				CLANG_WARN_EMPTY_BODY = YES;
				CLANG_WARN_ENUM_CONVERSION = YES;
				CLANG_WARN_INFINITE_RECURSION = YES;
				CLANG_WARN_INT_CONVERSION = YES;
				CLANG_WARN_NON_LITERAL_NULL_CONVERSION = YES;
				CLANG_WARN_OBJC_IMPLICIT_RETAIN_SELF = YES;
				CLANG_WARN_OBJC_LITERAL_CONVERSION = YES;
				CLANG_WARN_OBJC_ROOT_CLASS = YES_ERROR;
				CLANG_WARN_QUOTED_INCLUDE_IN_FRAMEWORK_HEADER = YES;
				CLANG_WARN_RANGE_LOOP_ANALYSIS = YES;
				CLANG_WARN_STRICT_PROTOTYPES = YES;
				CLANG_WARN_SUSPICIOUS_MOVE = YES;
				CLANG_WARN_UNGUARDED_AVAILABILITY = YES_AGGRESSIVE;
				CLANG_WARN_UNREACHABLE_CODE = YES;
				CLANG_WARN__DUPLICATE_METHOD_MATCH = YES;
				COPY_PHASE_STRIP = NO;
				DEBUG_INFORMATION_FORMAT = dwarf;
				ENABLE_STRICT_OBJC_MSGSEND = YES;
				ENABLE_TESTABILITY = YES;
				ENABLE_USER_SCRIPT_SANDBOXING = YES;
				GCC_C_LANGUAGE_STANDARD = gnu17;
				GCC_DYNAMIC_NO_PIC = NO;
				GCC_NO_COMMON_BLOCKS = YES;
				GCC_OPTIMIZATION_LEVEL = 0;
				GCC_PREPROCESSOR_DEFINITIONS = (
					"DEBUG=1",
					"$(inherited)",
				);
				GCC_WARN_64_TO_32_BIT_CONVERSION = YES;
				GCC_WARN_ABOUT_RETURN_TYPE = YES_ERROR;
				GCC_WARN_UNDECLARED_SELECTOR = YES;
				GCC_WARN_UNINITIALIZED_AUTOS = YES_AGGRESSIVE;
				GCC_WARN_UNUSED_FUNCTION = YES;
				GCC_WARN_UNUSED_VARIABLE = YES;
				IPHONEOS_DEPLOYMENT_TARGET = 17.0;
				LOCALIZATION_PREFERS_STRING_CATALOGS = YES;
				MTL_ENABLE_DEBUG_INFO = INCLUDE_SOURCE;
				MTL_FAST_MATH = YES;
				ONLY_ACTIVE_ARCH = YES;
				SDKROOT = iphoneos;
				SWIFT_ACTIVE_COMPILATION_CONDITIONS = "DEBUG $(inherited)";
				SWIFT_OPTIMIZATION_LEVEL = "-Onone";
			};
			name = Debug;
		};
		8134F92D2C68CB610052D0DF /* Release */ = {
			isa = XCBuildConfiguration;
			buildSettings = {
				ALWAYS_SEARCH_USER_PATHS = NO;
				ASSETCATALOG_COMPILER_GENERATE_SWIFT_ASSET_SYMBOL_EXTENSIONS = YES;
				CLANG_ANALYZER_NONNULL = YES;
				CLANG_ANALYZER_NUMBER_OBJECT_CONVERSION = YES_AGGRESSIVE;
				CLANG_CXX_LANGUAGE_STANDARD = "gnu++20";
				CLANG_ENABLE_MODULES = YES;
				CLANG_ENABLE_OBJC_ARC = YES;
				CLANG_ENABLE_OBJC_WEAK = YES;
				CLANG_WARN_BLOCK_CAPTURE_AUTORELEASING = YES;
				CLANG_WARN_BOOL_CONVERSION = YES;
				CLANG_WARN_COMMA = YES;
				CLANG_WARN_CONSTANT_CONVERSION = YES;
				CLANG_WARN_DEPRECATED_OBJC_IMPLEMENTATIONS = YES;
				CLANG_WARN_DIRECT_OBJC_ISA_USAGE = YES_ERROR;
				CLANG_WARN_DOCUMENTATION_COMMENTS = YES;
				CLANG_WARN_EMPTY_BODY = YES;
				CLANG_WARN_ENUM_CONVERSION = YES;
				CLANG_WARN_INFINITE_RECURSION = YES;
				CLANG_WARN_INT_CONVERSION = YES;
				CLANG_WARN_NON_LITERAL_NULL_CONVERSION = YES;
				CLANG_WARN_OBJC_IMPLICIT_RETAIN_SELF = YES;
				CLANG_WARN_OBJC_LITERAL_CONVERSION = YES;
				CLANG_WARN_OBJC_ROOT_CLASS = YES_ERROR;
				CLANG_WARN_QUOTED_INCLUDE_IN_FRAMEWORK_HEADER = YES;
				CLANG_WARN_RANGE_LOOP_ANALYSIS = YES;
				CLANG_WARN_STRICT_PROTOTYPES = YES;
				CLANG_WARN_SUSPICIOUS_MOVE = YES;
				CLANG_WARN_UNGUARDED_AVAILABILITY = YES_AGGRESSIVE;
				CLANG_WARN_UNREACHABLE_CODE = YES;
				CLANG_WARN__DUPLICATE_METHOD_MATCH = YES;
				COPY_PHASE_STRIP = NO;
				DEBUG_INFORMATION_FORMAT = "dwarf-with-dsym";
				ENABLE_NS_ASSERTIONS = NO;
				ENABLE_STRICT_OBJC_MSGSEND = YES;
				ENABLE_USER_SCRIPT_SANDBOXING = YES;
				GCC_C_LANGUAGE_STANDARD = gnu17;
				GCC_NO_COMMON_BLOCKS = YES;
				GCC_WARN_64_TO_32_BIT_CONVERSION = YES;
				GCC_WARN_ABOUT_RETURN_TYPE = YES_ERROR;
				GCC_WARN_UNDECLARED_SELECTOR = YES;
				GCC_WARN_UNINITIALIZED_AUTOS = YES_AGGRESSIVE;
				GCC_WARN_UNUSED_FUNCTION = YES;
				GCC_WARN_UNUSED_VARIABLE = YES;
				IPHONEOS_DEPLOYMENT_TARGET = 17.0;
				LOCALIZATION_PREFERS_STRING_CATALOGS = YES;
				MTL_ENABLE_DEBUG_INFO = NO;
				MTL_FAST_MATH = YES;
				SDKROOT = iphoneos;
				SWIFT_COMPILATION_MODE = wholemodule;
				VALIDATE_PRODUCT = YES;
			};
			name = Release;
		};
		8134F92F2C68CB610052D0DF /* Debug */ = {
			isa = XCBuildConfiguration;
			buildSettings = {
				ASSETCATALOG_COMPILER_APPICON_NAME = AppIcon;
				ASSETCATALOG_COMPILER_GLOBAL_ACCENT_COLOR_NAME = AccentColor;
				CODE_SIGN_STYLE = Automatic;
				CURRENT_PROJECT_VERSION = 1;
				DEVELOPMENT_ASSET_PATHS = "\"CoatOfArms/Preview Content\"";
				DEVELOPMENT_TEAM = J6RP56W6H5;
				ENABLE_PREVIEWS = YES;
				GENERATE_INFOPLIST_FILE = YES;
				INFOPLIST_KEY_UIApplicationSceneManifest_Generation = YES;
				INFOPLIST_KEY_UIApplicationSupportsIndirectInputEvents = YES;
				INFOPLIST_KEY_UILaunchScreen_Generation = YES;
				INFOPLIST_KEY_UISupportedInterfaceOrientations = "UIInterfaceOrientationLandscapeLeft UIInterfaceOrientationLandscapeRight UIInterfaceOrientationPortrait UIInterfaceOrientationPortraitUpsideDown";
				IPHONEOS_DEPLOYMENT_TARGET = 17.0;
				LD_RUNPATH_SEARCH_PATHS = (
					"$(inherited)",
					"@executable_path/Frameworks",
				);
				MARKETING_VERSION = 1.0;
				OTHER_SWIFT_FLAGS = "";
				PRODUCT_BUNDLE_IDENTIFIER = es.juanjo.CoatOfArms;
				PRODUCT_NAME = "$(TARGET_NAME)";
				SWIFT_EMIT_LOC_STRINGS = YES;
				SWIFT_VERSION = 5.0;
				TARGETED_DEVICE_FAMILY = "1,2";
			};
			name = Debug;
		};
		8134F9302C68CB610052D0DF /* Release */ = {
			isa = XCBuildConfiguration;
			buildSettings = {
				ASSETCATALOG_COMPILER_APPICON_NAME = AppIcon;
				ASSETCATALOG_COMPILER_GLOBAL_ACCENT_COLOR_NAME = AccentColor;
				CODE_SIGN_STYLE = Automatic;
				CURRENT_PROJECT_VERSION = 1;
				DEVELOPMENT_ASSET_PATHS = "\"CoatOfArms/Preview Content\"";
				DEVELOPMENT_TEAM = J6RP56W6H5;
				ENABLE_PREVIEWS = YES;
				GENERATE_INFOPLIST_FILE = YES;
				INFOPLIST_KEY_UIApplicationSceneManifest_Generation = YES;
				INFOPLIST_KEY_UIApplicationSupportsIndirectInputEvents = YES;
				INFOPLIST_KEY_UILaunchScreen_Generation = YES;
				INFOPLIST_KEY_UISupportedInterfaceOrientations = "UIInterfaceOrientationLandscapeLeft UIInterfaceOrientationLandscapeRight UIInterfaceOrientationPortrait UIInterfaceOrientationPortraitUpsideDown";
				IPHONEOS_DEPLOYMENT_TARGET = 17.0;
				LD_RUNPATH_SEARCH_PATHS = (
					"$(inherited)",
					"@executable_path/Frameworks",
				);
				MARKETING_VERSION = 1.0;
				OTHER_SWIFT_FLAGS = "";
				PRODUCT_BUNDLE_IDENTIFIER = es.juanjo.CoatOfArms;
				PRODUCT_NAME = "$(TARGET_NAME)";
				SWIFT_EMIT_LOC_STRINGS = YES;
				SWIFT_VERSION = 5.0;
				TARGETED_DEVICE_FAMILY = "1,2";
			};
			name = Release;
		};
		8134F9322C68CB610052D0DF /* Debug */ = {
			isa = XCBuildConfiguration;
			buildSettings = {
				BUNDLE_LOADER = "$(TEST_HOST)";
				CODE_SIGN_STYLE = Automatic;
				CURRENT_PROJECT_VERSION = 1;
				DEVELOPMENT_TEAM = J6RP56W6H5;
				GENERATE_INFOPLIST_FILE = YES;
				IPHONEOS_DEPLOYMENT_TARGET = 17.0;
				MARKETING_VERSION = 1.0;
				PRODUCT_BUNDLE_IDENTIFIER = es.juanjo.CoatOfArmsTests;
				PRODUCT_NAME = "$(TARGET_NAME)";
				SWIFT_EMIT_LOC_STRINGS = NO;
				SWIFT_VERSION = 5.0;
				TARGETED_DEVICE_FAMILY = "1,2";
				TEST_HOST = "$(BUILT_PRODUCTS_DIR)/CoatOfArms.app/$(BUNDLE_EXECUTABLE_FOLDER_PATH)/CoatOfArms";
			};
			name = Debug;
		};
		8134F9332C68CB610052D0DF /* Release */ = {
			isa = XCBuildConfiguration;
			buildSettings = {
				BUNDLE_LOADER = "$(TEST_HOST)";
				CODE_SIGN_STYLE = Automatic;
				CURRENT_PROJECT_VERSION = 1;
				DEVELOPMENT_TEAM = J6RP56W6H5;
				GENERATE_INFOPLIST_FILE = YES;
				IPHONEOS_DEPLOYMENT_TARGET = 17.0;
				MARKETING_VERSION = 1.0;
				PRODUCT_BUNDLE_IDENTIFIER = es.juanjo.CoatOfArmsTests;
				PRODUCT_NAME = "$(TARGET_NAME)";
				SWIFT_EMIT_LOC_STRINGS = NO;
				SWIFT_VERSION = 5.0;
				TARGETED_DEVICE_FAMILY = "1,2";
				TEST_HOST = "$(BUILT_PRODUCTS_DIR)/CoatOfArms.app/$(BUNDLE_EXECUTABLE_FOLDER_PATH)/CoatOfArms";
			};
			name = Release;
		};
		81E5DD1A2C9BEB4300CE10AB /* Debug */ = {
			isa = XCBuildConfiguration;
			buildSettings = {
				BUNDLE_LOADER = "$(TEST_HOST)";
				CODE_SIGN_STYLE = Automatic;
				CURRENT_PROJECT_VERSION = 1;
				GENERATE_INFOPLIST_FILE = YES;
				IPHONEOS_DEPLOYMENT_TARGET = 17.5;
				MARKETING_VERSION = 1.0;
				PRODUCT_BUNDLE_IDENTIFIER = es.juanjo.SnapshotTests;
				PRODUCT_NAME = "$(TARGET_NAME)";
				SWIFT_EMIT_LOC_STRINGS = NO;
				SWIFT_VERSION = 5.0;
				TARGETED_DEVICE_FAMILY = "1,2";
				TEST_HOST = "$(BUILT_PRODUCTS_DIR)/CoatOfArms.app/$(BUNDLE_EXECUTABLE_FOLDER_PATH)/CoatOfArms";
			};
			name = Debug;
		};
		81E5DD1B2C9BEB4300CE10AB /* Release */ = {
			isa = XCBuildConfiguration;
			buildSettings = {
				BUNDLE_LOADER = "$(TEST_HOST)";
				CODE_SIGN_STYLE = Automatic;
				CURRENT_PROJECT_VERSION = 1;
				GENERATE_INFOPLIST_FILE = YES;
				IPHONEOS_DEPLOYMENT_TARGET = 17.5;
				MARKETING_VERSION = 1.0;
				PRODUCT_BUNDLE_IDENTIFIER = es.juanjo.SnapshotTests;
				PRODUCT_NAME = "$(TARGET_NAME)";
				SWIFT_EMIT_LOC_STRINGS = NO;
				SWIFT_VERSION = 5.0;
				TARGETED_DEVICE_FAMILY = "1,2";
				TEST_HOST = "$(BUILT_PRODUCTS_DIR)/CoatOfArms.app/$(BUNDLE_EXECUTABLE_FOLDER_PATH)/CoatOfArms";
			};
			name = Release;
		};
/* End XCBuildConfiguration section */

/* Begin XCConfigurationList section */
		8134F9052C68CB600052D0DF /* Build configuration list for PBXProject "CoatOfArms" */ = {
			isa = XCConfigurationList;
			buildConfigurations = (
				8134F92C2C68CB610052D0DF /* Debug */,
				8134F92D2C68CB610052D0DF /* Release */,
			);
			defaultConfigurationIsVisible = 0;
			defaultConfigurationName = Release;
		};
		8134F92E2C68CB610052D0DF /* Build configuration list for PBXNativeTarget "CoatOfArms" */ = {
			isa = XCConfigurationList;
			buildConfigurations = (
				8134F92F2C68CB610052D0DF /* Debug */,
				8134F9302C68CB610052D0DF /* Release */,
			);
			defaultConfigurationIsVisible = 0;
			defaultConfigurationName = Release;
		};
		8134F9312C68CB610052D0DF /* Build configuration list for PBXNativeTarget "CoatOfArmsTests" */ = {
			isa = XCConfigurationList;
			buildConfigurations = (
				8134F9322C68CB610052D0DF /* Debug */,
				8134F9332C68CB610052D0DF /* Release */,
			);
			defaultConfigurationIsVisible = 0;
			defaultConfigurationName = Release;
		};
		81E5DD192C9BEB4300CE10AB /* Build configuration list for PBXNativeTarget "SnapshotTests" */ = {
			isa = XCConfigurationList;
			buildConfigurations = (
				81E5DD1A2C9BEB4300CE10AB /* Debug */,
				81E5DD1B2C9BEB4300CE10AB /* Release */,
			);
			defaultConfigurationIsVisible = 0;
			defaultConfigurationName = Release;
		};
/* End XCConfigurationList section */

/* Begin XCRemoteSwiftPackageReference section */
		8134F9372C68CD4D0052D0DF /* XCRemoteSwiftPackageReference "Network" */ = {
			isa = XCRemoteSwiftPackageReference;
			repositoryURL = "https://github.com/juanjo72/Network.git";
			requirement = {
				branch = main;
				kind = branch;
			};
		};
		8134F93D2C68CDF60052D0DF /* XCRemoteSwiftPackageReference "Kingfisher" */ = {
			isa = XCRemoteSwiftPackageReference;
			repositoryURL = "https://github.com/onevcat/Kingfisher.git";
			requirement = {
				kind = upToNextMajorVersion;
				minimumVersion = 7.12.0;
			};
		};
		8182870C2C905CEB0019C132 /* XCRemoteSwiftPackageReference "swift-snapshot-testing" */ = {
			isa = XCRemoteSwiftPackageReference;
			repositoryURL = "https://github.com/pointfreeco/swift-snapshot-testing";
			requirement = {
				kind = upToNextMajorVersion;
				minimumVersion = 1.17.4;
			};
		};
		818E16F02CA03574004AFD0E /* XCRemoteSwiftPackageReference "Mockable" */ = {
			isa = XCRemoteSwiftPackageReference;
			repositoryURL = "https://github.com/Kolos65/Mockable";
			requirement = {
				kind = upToNextMajorVersion;
				minimumVersion = 0.0.10;
			};
		};
		81E5DD062C9B123400CE10AB /* XCRemoteSwiftPackageReference "ReactiveStorage" */ = {
			isa = XCRemoteSwiftPackageReference;
			repositoryURL = "https://github.com/juanjo72/ReactiveStorage.git";
			requirement = {
				branch = main;
				kind = branch;
			};
		};
/* End XCRemoteSwiftPackageReference section */

/* Begin XCSwiftPackageProductDependency section */
		8134F9382C68CD4D0052D0DF /* Network */ = {
			isa = XCSwiftPackageProductDependency;
			package = 8134F9372C68CD4D0052D0DF /* XCRemoteSwiftPackageReference "Network" */;
			productName = Network;
		};
		8134F93E2C68CDF60052D0DF /* Kingfisher */ = {
			isa = XCSwiftPackageProductDependency;
			package = 8134F93D2C68CDF60052D0DF /* XCRemoteSwiftPackageReference "Kingfisher" */;
			productName = Kingfisher;
		};
		818E16F12CA03574004AFD0E /* Mockable */ = {
			isa = XCSwiftPackageProductDependency;
			package = 818E16F02CA03574004AFD0E /* XCRemoteSwiftPackageReference "Mockable" */;
			productName = Mockable;
		};
		818E16F32CA03574004AFD0E /* MockableTest */ = {
			isa = XCSwiftPackageProductDependency;
			package = 818E16F02CA03574004AFD0E /* XCRemoteSwiftPackageReference "Mockable" */;
			productName = MockableTest;
		};
		81ABE8282C9945A000FC89D0 /* ReactiveStorage */ = {
			isa = XCSwiftPackageProductDependency;
			productName = ReactiveStorage;
		};
		81E5DD072C9B123400CE10AB /* ReactiveStorage */ = {
			isa = XCSwiftPackageProductDependency;
			package = 81E5DD062C9B123400CE10AB /* XCRemoteSwiftPackageReference "ReactiveStorage" */;
			productName = ReactiveStorage;
		};
		81E5DD1C2C9BEB5300CE10AB /* InlineSnapshotTesting */ = {
			isa = XCSwiftPackageProductDependency;
			package = 8182870C2C905CEB0019C132 /* XCRemoteSwiftPackageReference "swift-snapshot-testing" */;
			productName = InlineSnapshotTesting;
		};
		81E5DD1E2C9BEB5700CE10AB /* SnapshotTesting */ = {
			isa = XCSwiftPackageProductDependency;
			package = 8182870C2C905CEB0019C132 /* XCRemoteSwiftPackageReference "swift-snapshot-testing" */;
			productName = SnapshotTesting;
		};
/* End XCSwiftPackageProductDependency section */
	};
	rootObject = 8134F9022C68CB600052D0DF /* Project object */;
}
