{
  "originHash" : "df877a725dfca10b98413881d8bcd700bc533a1e9ff19389a51ae3c80d8846bb",
  "pins" : [
    {
      "identity" : "kingfisher",
      "kind" : "remoteSourceControl",
      "location" : "https://github.com/onevcat/Kingfisher.git",
      "state" : {
        "revision" : "2ef543ee21d63734e1c004ad6c870255e8716c50",
        "version" : "7.12.0"
      }
    },
    {
      "identity" : "mockable",
      "kind" : "remoteSourceControl",
      "location" : "https://github.com/Kolos65/Mockable",
      "state" : {
        "revision" : "da977ecb20974c4b1cf185f5fd38771b2d4674fb",
        "version" : "0.0.10"
      }
    },
    {
      "identity" : "network",
      "kind" : "remoteSourceControl",
      "location" : "https://github.com/juanjo72/Network.git",
      "state" : {
        "branch" : "main",
        "revision" : "6dc949da8d5626c6f52ffe39e56d4ceb7f7b908a"
      }
    },
    {
      "identity" : "reactivestorage",
      "kind" : "remoteSourceControl",
      "location" : "https://github.com/juanjo72/ReactiveStorage.git",
      "state" : {
        "branch" : "main",
        "revision" : "57359810f19c9253752583572ed57122307de6dd"
      }
    },
    {
      "identity" : "swift-snapshot-testing",
      "kind" : "remoteSourceControl",
      "location" : "https://github.com/pointfreeco/swift-snapshot-testing",
      "state" : {
        "revision" : "6d932a79e7173b275b96c600c86c603cf84f153c",
        "version" : "1.17.4"
      }
    },
    {
      "identity" : "swift-syntax",
      "kind" : "remoteSourceControl",
      "location" : "https://github.com/swiftlang/swift-syntax",
      "state" : {
        "revision" : "2bc86522d115234d1f588efe2bcb4ce4be8f8b82",
        "version" : "510.0.3"
      }
    }
  ],
  "version" : 3
}
