{
  "originHash" : "e50b8d7d08b5e470ec204db9b7412f2c64d4a029a72309726e2a113713484640",
  "pins" : [
    {
      "identity" : "kingfisher",
      "kind" : "remoteSourceControl",
      "location" : "https://github.com/onevcat/Kingfisher.git",
      "state" : {
        "revision" : "2ef543ee21d63734e1c004ad6c870255e8716c50",
        "version" : "7.12.0"
      }
    },
    {
      "identity" : "network",
      "kind" : "remoteSourceControl",
      "location" : "https://github.com/juanjo72/Network.git",
      "state" : {
        "branch" : "main",
        "revision" : "6dc949da8d5626c6f52ffe39e56d4ceb7f7b908a"
      }
    },
    {
      "identity" : "reactivestorage",
      "kind" : "remoteSourceControl",
      "location" : "https://github.com/juanjo72/ReactiveStorage.git",
      "state" : {
        "branch" : "main",
        "revision" : "57359810f19c9253752583572ed57122307de6dd"
      }
    },
    {
      "identity" : "swift-snapshot-testing",
      "kind" : "remoteSourceControl",
      "location" : "https://github.com/pointfreeco/swift-snapshot-testing",
      "state" : {
        "revision" : "6d932a79e7173b275b96c600c86c603cf84f153c",
        "version" : "1.17.4"
      }
    },
    {
      "identity" : "swift-syntax",
      "kind" : "remoteSourceControl",
      "location" : "https://github.com/swiftlang/swift-syntax",
      "state" : {
        "revision" : "515f79b522918f83483068d99c68daeb5116342d",
        "version" : "600.0.0-prerelease-2024-09-04"
      }
    }
  ],
  "version" : 3
}
