{
  "originHash" : "999162ff69eea4c3e8a42522719da978d460d299df1d84255676e4b54e3bff4b",
  "pins" : [
    {
      "identity" : "kingfisher",
      "kind" : "remoteSourceControl",
      "location" : "https://github.com/onevcat/Kingfisher.git",
      "state" : {
        "revision" : "2ef543ee21d63734e1c004ad6c870255e8716c50",
        "version" : "7.12.0"
      }
    },
    {
      "identity" : "network",
      "kind" : "remoteSourceControl",
      "location" : "https://github.com/juanjo72/Network.git",
      "state" : {
        "branch" : "main",
        "revision" : "58867be945e548088bdd2e6e3494e0874c7cfb5b"
      }
    },
    {
      "identity" : "reactivestorage",
      "kind" : "remoteSourceControl",
      "location" : "https://github.com/juanjo72/ReactiveStorage.git",
      "state" : {
        "branch" : "main",
        "revision" : "b0f409f2def3c12fbdbed14c27ed9b4a4cf042a9"
      }
    }
  ],
  "version" : 3
}
